lockfileVersion: '9.0'

settings:
  autoInstallPeers: true
  excludeLinksFromLockfile: false

importers:

  .:
    dependencies:
      helmet:
        specifier: ^8.1.0
        version: 8.1.0

packages:

  helmet@8.1.0:
    resolution: {integrity: sha512-jOiHyAZsmnr8LqoPGmCjYAaiuWwjAPLgY8ZX2XrmHawt99/u1y6RgrZMTeoPfpUbV96HOalYgz1qzkRbw54Pmg==}
    engines: {node: '>=18.0.0'}

snapshots:

  helmet@8.1.0: {}
